
Microsoft Visual Studio Solution File, Format Version 12.00
# Visual Studio Version 17
VisualStudioVersion = 17.3.32811.315
MinimumVisualStudioVersion = 10.0.40219.1
Project("{FAE04EC0-301F-11D3-BF4B-00C04F79EFBC}") = "UC14.WebApp", "..\UC14.WebApp\UC14.WebApp.csproj", "{A49E800C-B35D-47A1-8B4F-4F7F615EF692}"
EndProject
Global
	GlobalSection(SolutionConfigurationPlatforms) = preSolution
		Debug|Any CPU = Debug|Any CPU
		Release|Any CPU = Release|Any CPU
	EndGlobalSection
	GlobalSection(ProjectConfigurationPlatforms) = postSolution
		{A49E800C-B35D-47A1-8B4F-4F7F615EF692}.Debug|Any CPU.ActiveCfg = Debug|Any CPU
		{A49E800C-B35D-47A1-8B4F-4F7F615EF692}.Debug|Any CPU.Build.0 = Debug|Any CPU
		{A49E800C-B35D-47A1-8B4F-4F7F615EF692}.Release|Any CPU.ActiveCfg = Release|Any CPU
		{A49E800C-B35D-47A1-8B4F-4F7F615EF692}.Release|Any CPU.Build.0 = Release|Any CPU
	EndGlobalSection
	GlobalSection(SolutionProperties) = preSolution
		HideSolutionNode = FALSE
	EndGlobalSection
	GlobalSection(ExtensibilityGlobals) = postSolution
		SolutionGuid = {0D2BDEA8-64D1-426D-B252-DD33BFC0CBAD}
	EndGlobalSection
EndGlobal
