
Microsoft Visual Studio Solution File, Format Version 12.00
# Visual Studio Version 17
VisualStudioVersion = 17.3.32811.315
MinimumVisualStudioVersion = 10.0.40219.1
Project("{9A19103F-16F7-4668-BE54-9A1E7A4F7556}") = "UC14", "UC14.csproj", "{CD1ABA84-A1EA-4CF5-AA0B-F3D7FF459E59}"
EndProject
Global
	GlobalSection(SolutionConfigurationPlatforms) = preSolution
		Debug|Any CPU = Debug|Any CPU
		Release|Any CPU = Release|Any CPU
	EndGlobalSection
	GlobalSection(ProjectConfigurationPlatforms) = postSolution
		{CD1ABA84-A1EA-4CF5-AA0B-F3D7FF459E59}.Debug|Any CPU.ActiveCfg = Debug|Any CPU
		{CD1ABA84-A1EA-4CF5-AA0B-F3D7FF459E59}.Debug|Any CPU.Build.0 = Debug|Any CPU
		{CD1ABA84-A1EA-4CF5-AA0B-F3D7FF459E59}.Release|Any CPU.ActiveCfg = Release|Any CPU
		{CD1ABA84-A1EA-4CF5-AA0B-F3D7FF459E59}.Release|Any CPU.Build.0 = Release|Any CPU
	EndGlobalSection
	GlobalSection(SolutionProperties) = preSolution
		HideSolutionNode = FALSE
	EndGlobalSection
	GlobalSection(ExtensibilityGlobals) = postSolution
		SolutionGuid = {0D2BDEA8-64D1-426D-B252-DD33BFC0CBAD}
	EndGlobalSection
EndGlobal
